// !$*UTF8*$!
{
	archiveVersion = 1;
	classes = {
	};
	objectVersion = 46;
	objects = {

/* Begin PBXBuildFile section */
		1BD179FF1F55030600693A0E /* AppDelegate.swift in Sources */ = {isa = PBXBuildFile; fileRef = 1BD179FE1F55030600693A0E /* AppDelegate.swift */; };
		1BD17A011F55030600693A0E /* ViewController.swift in Sources */ = {isa = PBXBuildFile; fileRef = 1BD17A001F55030600693A0E /* ViewController.swift */; };
		1BD17A041F55030600693A0E /* Main.storyboard in Resources */ = {isa = PBXBuildFile; fileRef = 1BD17A021F55030600693A0E /* Main.storyboard */; };
		1BD17A061F55030600693A0E /* Assets.xcassets in Resources */ = {isa = PBXBuildFile; fileRef = 1BD17A051F55030600693A0E /* Assets.xcassets */; };
		1BD17A091F55030600693A0E /* LaunchScreen.storyboard in Resources */ = {isa = PBXBuildFile; fileRef = 1BD17A071F55030600693A0E /* LaunchScreen.storyboard */; };
		1BD17A141F55030600693A0E /* test_2Tests.swift in Sources */ = {isa = PBXBuildFile; fileRef = 1BD17A131F55030600693A0E /* test_2Tests.swift */; };
		1BD17A1F1F55030600693A0E /* test_2UITests.swift in Sources */ = {isa = PBXBuildFile; fileRef = 1BD17A1E1F55030600693A0E /* test_2UITests.swift */; };
/* End PBXBuildFile section */

/* Begin PBXContainerItemProxy section */
		1BD17A101F55030600693A0E /* PBXContainerItemProxy */ = {
			isa = PBXContainerItemProxy;
			containerPortal = 1BD179F31F55030600693A0E /* Project object */;
			proxyType = 1;
			remoteGlobalIDString = 1BD179FA1F55030600693A0E;
			remoteInfo = test_2;
		};
		1BD17A1B1F55030600693A0E /* PBXContainerItemProxy */ = {
			isa = PBXContainerItemProxy;
			containerPortal = 1BD179F31F55030600693A0E /* Project object */;
			proxyType = 1;
			remoteGlobalIDString = 1BD179FA1F55030600693A0E;
			remoteInfo = test_2;
		};
/* End PBXContainerItemProxy section */

/* Begin PBXFileReference section */
		1BD179FB1F55030600693A0E /* test_2.app */ = {isa = PBXFileReference; explicitFileType = wrapper.application; includeInIndex = 0; path = test_2.app; sourceTree = BUILT_PRODUCTS_DIR; };
		1BD179FE1F55030600693A0E /* AppDelegate.swift */ = {isa = PBXFileReference; lastKnownFileType = sourcecode.swift; path = AppDelegate.swift; sourceTree = "<group>"; };
		1BD17A001F55030600693A0E /* ViewController.swift */ = {isa = PBXFileReference; lastKnownFileType = sourcecode.swift; path = ViewController.swift; sourceTree = "<group>"; };
		1BD17A031F55030600693A0E /* Base */ = {isa = PBXFileReference; lastKnownFileType = file.storyboard; name = Base; path = Base.lproj/Main.storyboard; sourceTree = "<group>"; };
		1BD17A051F55030600693A0E /* Assets.xcassets */ = {isa = PBXFileReference; lastKnownFileType = folder.assetcatalog; path = Assets.xcassets; sourceTree = "<group>"; };
		1BD17A081F55030600693A0E /* Base */ = {isa = PBXFileReference; lastKnownFileType = file.storyboard; name = Base; path = Base.lproj/LaunchScreen.storyboard; sourceTree = "<group>"; };
		1BD17A0A1F55030600693A0E /* Info.plist */ = {isa = PBXFileReference; lastKnownFileType = text.plist.xml; path = Info.plist; sourceTree = "<group>"; };
		1BD17A0F1F55030600693A0E /* test_2Tests.xctest */ = {isa = PBXFileReference; explicitFileType = wrapper.cfbundle; includeInIndex = 0; path = test_2Tests.xctest; sourceTree = BUILT_PRODUCTS_DIR; };
		1BD17A131F55030600693A0E /* test_2Tests.swift */ = {isa = PBXFileReference; lastKnownFileType = sourcecode.swift; path = test_2Tests.swift; sourceTree = "<group>"; };
		1BD17A151F55030600693A0E /* Info.plist */ = {isa = PBXFileReference; lastKnownFileType = text.plist.xml; path = Info.plist; sourceTree = "<group>"; };
		1BD17A1A1F55030600693A0E /* test_2UITests.xctest */ = {isa = PBXFileReference; explicitFileType = wrapper.cfbundle; includeInIndex = 0; path = test_2UITests.xctest; sourceTree = BUILT_PRODUCTS_DIR; };
		1BD17A1E1F55030600693A0E /* test_2UITests.swift */ = {isa = PBXFileReference; lastKnownFileType = sourcecode.swift; path = test_2UITests.swift; sourceTree = "<group>"; };
		1BD17A201F55030600693A0E /* Info.plist */ = {isa = PBXFileReference; lastKnownFileType = text.plist.xml; path = Info.plist; sourceTree = "<group>"; };
/* End PBXFileReference section */

/* Begin PBXFrameworksBuildPhase section */
		1BD179F81F55030600693A0E /* Frameworks */ = {
			isa = PBXFrameworksBuildPhase;
			buildActionMask = 2147483647;
			files = (
			);
			runOnlyForDeploymentPostprocessing = 0;
		};
		1BD17A0C1F55030600693A0E /* Frameworks */ = {
			isa = PBXFrameworksBuildPhase;
			buildActionMask = 2147483647;
			files = (
			);
			runOnlyForDeploymentPostprocessing = 0;
		};
		1BD17A171F55030600693A0E /* Frameworks */ = {
			isa = PBXFrameworksBuildPhase;
			buildActionMask = 2147483647;
			files = (
			);
			runOnlyForDeploymentPostprocessing = 0;
		};
/* End PBXFrameworksBuildPhase section */

/* Begin PBXGroup section */
		1BD179F21F55030600693A0E = {
			isa = PBXGroup;
			children = (
				1BD179FD1F55030600693A0E /* test_2 */,
				1BD17A121F55030600693A0E /* test_2Tests */,
				1BD17A1D1F55030600693A0E /* test_2UITests */,
				1BD179FC1F55030600693A0E /* Products */,
			);
			sourceTree = "<group>";
		};
		1BD179FC1F55030600693A0E /* Products */ = {
			isa = PBXGroup;
			children = (
				1BD179FB1F55030600693A0E /* test_2.app */,
				1BD17A0F1F55030600693A0E /* test_2Tests.xctest */,
				1BD17A1A1F55030600693A0E /* test_2UITests.xctest */,
			);
			name = Products;
			sourceTree = "<group>";
		};
		1BD179FD1F55030600693A0E /* test_2 */ = {
			isa = PBXGroup;
			children = (
				1BD179FE1F55030600693A0E /* AppDelegate.swift */,
				1BD17A001F55030600693A0E /* ViewController.swift */,
				1BD17A021F55030600693A0E /* Main.storyboard */,
				1BD17A051F55030600693A0E /* Assets.xcassets */,
				1BD17A071F55030600693A0E /* LaunchScreen.storyboard */,
				1BD17A0A1F55030600693A0E /* Info.plist */,
			);
			path = test_2;
			sourceTree = "<group>";
		};
		1BD17A121F55030600693A0E /* test_2Tests */ = {
			isa = PBXGroup;
			children = (
				1BD17A131F55030600693A0E /* test_2Tests.swift */,
				1BD17A151F55030600693A0E /* Info.plist */,
			);
			path = test_2Tests;
			sourceTree = "<group>";
		};
		1BD17A1D1F55030600693A0E /* test_2UITests */ = {
			isa = PBXGroup;
			children = (
				1BD17A1E1F55030600693A0E /* test_2UITests.swift */,
				1BD17A201F55030600693A0E /* Info.plist */,
			);
			path = test_2UITests;
			sourceTree = "<group>";
		};
/* End PBXGroup section */

/* Begin PBXNativeTarget section */
		1BD179FA1F55030600693A0E /* test_2 */ = {
			isa = PBXNativeTarget;
			buildConfigurationList = 1BD17A231F55030600693A0E /* Build configuration list for PBXNativeTarget "test_2" */;
			buildPhases = (
				1BD179F71F55030600693A0E /* Sources */,
				1BD179F81F55030600693A0E /* Frameworks */,
				1BD179F91F55030600693A0E /* Resources */,
			);
			buildRules = (
			);
			dependencies = (
			);
			name = test_2;
			productName = test_2;
			productReference = 1BD179FB1F55030600693A0E /* test_2.app */;
			productType = "com.apple.product-type.application";
		};
		1BD17A0E1F55030600693A0E /* test_2Tests */ = {
			isa = PBXNativeTarget;
			buildConfigurationList = 1BD17A261F55030600693A0E /* Build configuration list for PBXNativeTarget "test_2Tests" */;
			buildPhases = (
				1BD17A0B1F55030600693A0E /* Sources */,
				1BD17A0C1F55030600693A0E /* Frameworks */,
				1BD17A0D1F55030600693A0E /* Resources */,
			);
			buildRules = (
			);
			dependencies = (
				1BD17A111F55030600693A0E /* PBXTargetDependency */,
			);
			name = test_2Tests;
			productName = test_2Tests;
			productReference = 1BD17A0F1F55030600693A0E /* test_2Tests.xctest */;
			productType = "com.apple.product-type.bundle.unit-test";
		};
		1BD17A191F55030600693A0E /* test_2UITests */ = {
			isa = PBXNativeTarget;
			buildConfigurationList = 1BD17A291F55030600693A0E /* Build configuration list for PBXNativeTarget "test_2UITests" */;
			buildPhases = (
				1BD17A161F55030600693A0E /* Sources */,
				1BD17A171F55030600693A0E /* Frameworks */,
				1BD17A181F55030600693A0E /* Resources */,
			);
			buildRules = (
			);
			dependencies = (
				1BD17A1C1F55030600693A0E /* PBXTargetDependency */,
			);
			name = test_2UITests;
			productName = test_2UITests;
			productReference = 1BD17A1A1F55030600693A0E /* test_2UITests.xctest */;
			productType = "com.apple.product-type.bundle.ui-testing";
		};
/* End PBXNativeTarget section */

/* Begin PBXProject section */
		1BD179F31F55030600693A0E /* Project object */ = {
			isa = PBXProject;
			attributes = {
				LastSwiftUpdateCheck = 0830;
				LastUpgradeCheck = 0830;
				ORGANIZATIONNAME = fuzhong;
				TargetAttributes = {
					1BD179FA1F55030600693A0E = {
						CreatedOnToolsVersion = 8.3.3;
						ProvisioningStyle = Automatic;
					};
					1BD17A0E1F55030600693A0E = {
						CreatedOnToolsVersion = 8.3.3;
						ProvisioningStyle = Automatic;
						TestTargetID = 1BD179FA1F55030600693A0E;
					};
					1BD17A191F55030600693A0E = {
						CreatedOnToolsVersion = 8.3.3;
						ProvisioningStyle = Automatic;
						TestTargetID = 1BD179FA1F55030600693A0E;
					};
				};
			};
			buildConfigurationList = 1BD179F61F55030600693A0E /* Build configuration list for PBXProject "test_2" */;
			compatibilityVersion = "Xcode 3.2";
			developmentRegion = English;
			hasScannedForEncodings = 0;
			knownRegions = (
				en,
				Base,
			);
			mainGroup = 1BD179F21F55030600693A0E;
			productRefGroup = 1BD179FC1F55030600693A0E /* Products */;
			projectDirPath = "";
			projectRoot = "";
			targets = (
				1BD179FA1F55030600693A0E /* test_2 */,
				1BD17A0E1F55030600693A0E /* test_2Tests */,
				1BD17A191F55030600693A0E /* test_2UITests */,
			);
		};
/* End PBXProject section */

/* Begin PBXResourcesBuildPhase section */
		1BD179F91F55030600693A0E /* Resources */ = {
			isa = PBXResourcesBuildPhase;
			buildActionMask = 2147483647;
			files = (
				1BD17A091F55030600693A0E /* LaunchScreen.storyboard in Resources */,
				1BD17A061F55030600693A0E /* Assets.xcassets in Resources */,
				1BD17A041F55030600693A0E /* Main.storyboard in Resources */,
			);
			runOnlyForDeploymentPostprocessing = 0;
		};
		1BD17A0D1F55030600693A0E /* Resources */ = {
			isa = PBXResourcesBuildPhase;
			buildActionMask = 2147483647;
			files = (
			);
			runOnlyForDeploymentPostprocessing = 0;
		};
		1BD17A181F55030600693A0E /* Resources */ = {
			isa = PBXResourcesBuildPhase;
			buildActionMask = 2147483647;
			files = (
			);
			runOnlyForDeploymentPostprocessing = 0;
		};
/* End PBXResourcesBuildPhase section */

/* Begin PBXSourcesBuildPhase section */
		1BD179F71F55030600693A0E /* Sources */ = {
			isa = PBXSourcesBuildPhase;
			buildActionMask = 2147483647;
			files = (
				1BD17A011F55030600693A0E /* ViewController.swift in Sources */,
				1BD179FF1F55030600693A0E /* AppDelegate.swift in Sources */,
			);
			runOnlyForDeploymentPostprocessing = 0;
		};
		1BD17A0B1F55030600693A0E /* Sources */ = {
			isa = PBXSourcesBuildPhase;
			buildActionMask = 2147483647;
			files = (
				1BD17A141F55030600693A0E /* test_2Tests.swift in Sources */,
			);
			runOnlyForDeploymentPostprocessing = 0;
		};
		1BD17A161F55030600693A0E /* Sources */ = {
			isa = PBXSourcesBuildPhase;
			buildActionMask = 2147483647;
			files = (
				1BD17A1F1F55030600693A0E /* test_2UITests.swift in Sources */,
			);
			runOnlyForDeploymentPostprocessing = 0;
		};
/* End PBXSourcesBuildPhase section */

/* Begin PBXTargetDependency section */
		1BD17A111F55030600693A0E /* PBXTargetDependency */ = {
			isa = PBXTargetDependency;
			target = 1BD179FA1F55030600693A0E /* test_2 */;
			targetProxy = 1BD17A101F55030600693A0E /* PBXContainerItemProxy */;
		};
		1BD17A1C1F55030600693A0E /* PBXTargetDependency */ = {
			isa = PBXTargetDependency;
			target = 1BD179FA1F55030600693A0E /* test_2 */;
			targetProxy = 1BD17A1B1F55030600693A0E /* PBXContainerItemProxy */;
		};
/* End PBXTargetDependency section */

/* Begin PBXVariantGroup section */
		1BD17A021F55030600693A0E /* Main.storyboard */ = {
			isa = PBXVariantGroup;
			children = (
				1BD17A031F55030600693A0E /* Base */,
			);
			name = Main.storyboard;
			sourceTree = "<group>";
		};
		1BD17A071F55030600693A0E /* LaunchScreen.storyboard */ = {
			isa = PBXVariantGroup;
			children = (
				1BD17A081F55030600693A0E /* Base */,
			);
			name = LaunchScreen.storyboard;
			sourceTree = "<group>";
		};
/* End PBXVariantGroup section */

/* Begin XCBuildConfiguration section */
		1BD17A211F55030600693A0E /* Debug */ = {
			isa = XCBuildConfiguration;
			buildSettings = {
				ALWAYS_SEARCH_USER_PATHS = NO;
				CLANG_ANALYZER_NONNULL = YES;
				CLANG_ANALYZER_NUMBER_OBJECT_CONVERSION = YES_AGGRESSIVE;
				CLANG_CXX_LANGUAGE_STANDARD = "gnu++0x";
				CLANG_CXX_LIBRARY = "libc++";
				CLANG_ENABLE_MODULES = YES;
				CLANG_ENABLE_OBJC_ARC = YES;
				CLANG_WARN_BOOL_CONVERSION = YES;
				CLANG_WARN_CONSTANT_CONVERSION = YES;
				CLANG_WARN_DIRECT_OBJC_ISA_USAGE = YES_ERROR;
				CLANG_WARN_DOCUMENTATION_COMMENTS = YES;
				CLANG_WARN_EMPTY_BODY = YES;
				CLANG_WARN_ENUM_CONVERSION = YES;
				CLANG_WARN_INFINITE_RECURSION = YES;
				CLANG_WARN_INT_CONVERSION = YES;
				CLANG_WARN_OBJC_ROOT_CLASS = YES_ERROR;
				CLANG_WARN_SUSPICIOUS_MOVE = YES;
				CLANG_WARN_UNREACHABLE_CODE = YES;
				CLANG_WARN__DUPLICATE_METHOD_MATCH = YES;
				"CODE_SIGN_IDENTITY[sdk=iphoneos*]" = "iPhone Developer";
				COPY_PHASE_STRIP = NO;
				DEBUG_INFORMATION_FORMAT = dwarf;
				ENABLE_STRICT_OBJC_MSGSEND = YES;
				ENABLE_TESTABILITY = YES;
				GCC_C_LANGUAGE_STANDARD = gnu99;
				GCC_DYNAMIC_NO_PIC = NO;
				GCC_NO_COMMON_BLOCKS = YES;
				GCC_OPTIMIZATION_LEVEL = 0;
				GCC_PREPROCESSOR_DEFINITIONS = (
					"DEBUG=1",
					"$(inherited)",
				);
				GCC_WARN_64_TO_32_BIT_CONVERSION = YES;
				GCC_WARN_ABOUT_RETURN_TYPE = YES_ERROR;
				GCC_WARN_UNDECLARED_SELECTOR = YES;
				GCC_WARN_UNINITIALIZED_AUTOS = YES_AGGRESSIVE;
				GCC_WARN_UNUSED_FUNCTION = YES;
				GCC_WARN_UNUSED_VARIABLE = YES;
				IPHONEOS_DEPLOYMENT_TARGET = 10.3;
				MTL_ENABLE_DEBUG_INFO = YES;
				ONLY_ACTIVE_ARCH = YES;
				SDKROOT = iphoneos;
				SWIFT_ACTIVE_COMPILATION_CONDITIONS = DEBUG;
				SWIFT_OPTIMIZATION_LEVEL = "-Onone";
			};
			name = Debug;
		};
		1BD17A221F55030600693A0E /* Release */ = {
			isa = XCBuildConfiguration;
			buildSettings = {
				ALWAYS_SEARCH_USER_PATHS = NO;
				CLANG_ANALYZER_NONNULL = YES;
				CLANG_ANALYZER_NUMBER_OBJECT_CONVERSION = YES_AGGRESSIVE;
				CLANG_CXX_LANGUAGE_STANDARD = "gnu++0x";
				CLANG_CXX_LIBRARY = "libc++";
				CLANG_ENABLE_MODULES = YES;
				CLANG_ENABLE_OBJC_ARC = YES;
				CLANG_WARN_BOOL_CONVERSION = YES;
				CLANG_WARN_CONSTANT_CONVERSION = YES;
				CLANG_WARN_DIRECT_OBJC_ISA_USAGE = YES_ERROR;
				CLANG_WARN_DOCUMENTATION_COMMENTS = YES;
				CLANG_WARN_EMPTY_BODY = YES;
				CLANG_WARN_ENUM_CONVERSION = YES;
				CLANG_WARN_INFINITE_RECURSION = YES;
				CLANG_WARN_INT_CONVERSION = YES;
				CLANG_WARN_OBJC_ROOT_CLASS = YES_ERROR;
				CLANG_WARN_SUSPICIOUS_MOVE = YES;
				CLANG_WARN_UNREACHABLE_CODE = YES;
				CLANG_WARN__DUPLICATE_METHOD_MATCH = YES;
				"CODE_SIGN_IDENTITY[sdk=iphoneos*]" = "iPhone Developer";
				COPY_PHASE_STRIP = NO;
				DEBUG_INFORMATION_FORMAT = "dwarf-with-dsym";
				ENABLE_NS_ASSERTIONS = NO;
				ENABLE_STRICT_OBJC_MSGSEND = YES;
				GCC_C_LANGUAGE_STANDARD = gnu99;
				GCC_NO_COMMON_BLOCKS = YES;
				GCC_WARN_64_TO_32_BIT_CONVERSION = YES;
				GCC_WARN_ABOUT_RETURN_TYPE = YES_ERROR;
				GCC_WARN_UNDECLARED_SELECTOR = YES;
				GCC_WARN_UNINITIALIZED_AUTOS = YES_AGGRESSIVE;
				GCC_WARN_UNUSED_FUNCTION = YES;
				GCC_WARN_UNUSED_VARIABLE = YES;
				IPHONEOS_DEPLOYMENT_TARGET = 10.3;
				MTL_ENABLE_DEBUG_INFO = NO;
				SDKROOT = iphoneos;
				SWIFT_OPTIMIZATION_LEVEL = "-Owholemodule";
				VALIDATE_PRODUCT = YES;
			};
			name = Release;
		};
		1BD17A241F55030600693A0E /* Debug */ = {
			isa = XCBuildConfiguration;
			buildSettings = {
				ASSETCATALOG_COMPILER_APPICON_NAME = AppIcon;
				INFOPLIST_FILE = test_2/Info.plist;
				LD_RUNPATH_SEARCH_PATHS = "$(inherited) @executable_path/Frameworks";
				PRODUCT_BUNDLE_IDENTIFIER = "com.sky-light-hw.test-2";
				PRODUCT_NAME = "$(TARGET_NAME)";
				SWIFT_VERSION = 3.0;
			};
			name = Debug;
		};
		1BD17A251F55030600693A0E /* Release */ = {
			isa = XCBuildConfiguration;
			buildSettings = {
				ASSETCATALOG_COMPILER_APPICON_NAME = AppIcon;
				INFOPLIST_FILE = test_2/Info.plist;
				LD_RUNPATH_SEARCH_PATHS = "$(inherited) @executable_path/Frameworks";
				PRODUCT_BUNDLE_IDENTIFIER = "com.sky-light-hw.test-2";
				PRODUCT_NAME = "$(TARGET_NAME)";
				SWIFT_VERSION = 3.0;
			};
			name = Release;
		};
		1BD17A271F55030600693A0E /* Debug */ = {
			isa = XCBuildConfiguration;
			buildSettings = {
				ALWAYS_EMBED_SWIFT_STANDARD_LIBRARIES = YES;
				BUNDLE_LOADER = "$(TEST_HOST)";
				INFOPLIST_FILE = test_2Tests/Info.plist;
				LD_RUNPATH_SEARCH_PATHS = "$(inherited) @executable_path/Frameworks @loader_path/Frameworks";
				PRODUCT_BUNDLE_IDENTIFIER = "com.sky-light-hw.test-2Tests";
				PRODUCT_NAME = "$(TARGET_NAME)";
				SWIFT_VERSION = 3.0;
				TEST_HOST = "$(BUILT_PRODUCTS_DIR)/test_2.app/test_2";
			};
			name = Debug;
		};
		1BD17A281F55030600693A0E /* Release */ = {
			isa = XCBuildConfiguration;
			buildSettings = {
				ALWAYS_EMBED_SWIFT_STANDARD_LIBRARIES = YES;
				BUNDLE_LOADER = "$(TEST_HOST)";
				INFOPLIST_FILE = test_2Tests/Info.plist;
				LD_RUNPATH_SEARCH_PATHS = "$(inherited) @executable_path/Frameworks @loader_path/Frameworks";
				PRODUCT_BUNDLE_IDENTIFIER = "com.sky-light-hw.test-2Tests";
				PRODUCT_NAME = "$(TARGET_NAME)";
				SWIFT_VERSION = 3.0;
				TEST_HOST = "$(BUILT_PRODUCTS_DIR)/test_2.app/test_2";
			};
			name = Release;
		};
		1BD17A2A1F55030600693A0E /* Debug */ = {
			isa = XCBuildConfiguration;
			buildSettings = {
				ALWAYS_EMBED_SWIFT_STANDARD_LIBRARIES = YES;
				INFOPLIST_FILE = test_2UITests/Info.plist;
				LD_RUNPATH_SEARCH_PATHS = "$(inherited) @executable_path/Frameworks @loader_path/Frameworks";
				PRODUCT_BUNDLE_IDENTIFIER = "com.sky-light-hw.test-2UITests";
				PRODUCT_NAME = "$(TARGET_NAME)";
				SWIFT_VERSION = 3.0;
				TEST_TARGET_NAME = test_2;
			};
			name = Debug;
		};
		1BD17A2B1F55030600693A0E /* Release */ = {
			isa = XCBuildConfiguration;
			buildSettings = {
				ALWAYS_EMBED_SWIFT_STANDARD_LIBRARIES = YES;
				INFOPLIST_FILE = test_2UITests/Info.plist;
				LD_RUNPATH_SEARCH_PATHS = "$(inherited) @executable_path/Frameworks @loader_path/Frameworks";
				PRODUCT_BUNDLE_IDENTIFIER = "com.sky-light-hw.test-2UITests";
				PRODUCT_NAME = "$(TARGET_NAME)";
				SWIFT_VERSION = 3.0;
				TEST_TARGET_NAME = test_2;
			};
			name = Release;
		};
/* End XCBuildConfiguration section */

/* Begin XCConfigurationList section */
		1BD179F61F55030600693A0E /* Build configuration list for PBXProject "test_2" */ = {
			isa = XCConfigurationList;
			buildConfigurations = (
				1BD17A211F55030600693A0E /* Debug */,
				1BD17A221F55030600693A0E /* Release */,
			);
			defaultConfigurationIsVisible = 0;
			defaultConfigurationName = Release;
		};
		1BD17A231F55030600693A0E /* Build configuration list for PBXNativeTarget "test_2" */ = {
			isa = XCConfigurationList;
			buildConfigurations = (
				1BD17A241F55030600693A0E /* Debug */,
				1BD17A251F55030600693A0E /* Release */,
			);
			defaultConfigurationIsVisible = 0;
		};
		1BD17A261F55030600693A0E /* Build configuration list for PBXNativeTarget "test_2Tests" */ = {
			isa = XCConfigurationList;
			buildConfigurations = (
				1BD17A271F55030600693A0E /* Debug */,
				1BD17A281F55030600693A0E /* Release */,
			);
			defaultConfigurationIsVisible = 0;
		};
		1BD17A291F55030600693A0E /* Build configuration list for PBXNativeTarget "test_2UITests" */ = {
			isa = XCConfigurationList;
			buildConfigurations = (
				1BD17A2A1F55030600693A0E /* Debug */,
				1BD17A2B1F55030600693A0E /* Release */,
			);
			defaultConfigurationIsVisible = 0;
		};
/* End XCConfigurationList section */
	};
	rootObject = 1BD179F31F55030600693A0E /* Project object */;
}
